Microsoft Visual Studio Solution File, Format Version 12.00
# Visual Studio Version 17
VisualStudioVersion = 17.5.2.0
MinimumVisualStudioVersion = 10.0.40219.1
Project("{FAE04EC0-301F-11D3-BF4B-00C04F79EFBC}") = "JokesWebApp", "JokesWebApp\JokesWebApp.csproj", "{B49DB3C2-6952-7316-A176-1DC403FEF6D1}"
EndProject
Global
	GlobalSection(SolutionConfigurationPlatforms) = preSolution
		Debug|Any CPU = Debug|Any CPU
		Release|Any CPU = Release|Any CPU
	EndGlobalSection
	GlobalSection(ProjectConfigurationPlatforms) = postSolution
		{B49DB3C2-6952-7316-A176-1DC403FEF6D1}.Debug|Any CPU.ActiveCfg = Debug|Any CPU
		{B49DB3C2-6952-7316-A176-1DC403FEF6D1}.Debug|Any CPU.Build.0 = Debug|Any CPU
		{B49DB3C2-6952-7316-A176-1DC403FEF6D1}.Release|Any CPU.ActiveCfg = Release|Any CPU
		{B49DB3C2-6952-7316-A176-1DC403FEF6D1}.Release|Any CPU.Build.0 = Release|Any CPU
	EndGlobalSection
	GlobalSection(SolutionProperties) = preSolution
		HideSolutionNode = FALSE
	EndGlobalSection
	GlobalSection(ExtensibilityGlobals) = postSolution
		SolutionGuid = {C8BD993C-14D1-42F4-8679-C6B5B513FB40}
	EndGlobalSection
EndGlobal
